
Microsoft Visual Studio Solution File, Format Version 12.00
# Visual Studio Version 17
VisualStudioVersion = 17.0.31612.314
MinimumVisualStudioVersion = 10.0.40219.1
Project("{9A19103F-16F7-4668-BE54-9A1E7A4F7556}") = "RemoveEvenIntegers", "DataStructures.Array.RemoveEvenIntegers\RemoveEvenIntegers.csproj", "{80974EE9-6B54-4059-8E4B-F3BA1938C39F}"
EndProject
Project("{2150E333-8FDC-42A3-9474-1A3956D46DE8}") = "Array", "Array", "{14B05EB4-8D13-41AC-8088-944AA428340B}"
EndProject
Project("{9A19103F-16F7-4668-BE54-9A1E7A4F7556}") = "RemoveEvenIntegers.Test", "RemoveEvenIntegers.Test\RemoveEvenIntegers.Test.csproj", "{A9DC314B-E8CB-4B25-9A78-13C1538A4441}"
EndProject
Project("{9A19103F-16F7-4668-BE54-9A1E7A4F7556}") = "MergeTwoSortedArrays", "MergeTwoSortedArrays\MergeTwoSortedArrays.csproj", "{06A6101D-049A-4B2E-B14C-0A6EF87BE96B}"
EndProject
Project("{9A19103F-16F7-4668-BE54-9A1E7A4F7556}") = "MergeTwoSortedArrays.Test", "MergeTwoSortedArrays.Test\MergeTwoSortedArrays.Test.csproj", "{F1135CD2-954D-45AE-AA9A-A7424AAA106C}"
EndProject
Project("{9A19103F-16F7-4668-BE54-9A1E7A4F7556}") = "FindTwoNumbers", "FindTwoNumbers\FindTwoNumbers.csproj", "{186BD73C-6CF4-4BD9-82E5-6B0CF9E544BA}"
EndProject
Project("{9A19103F-16F7-4668-BE54-9A1E7A4F7556}") = "FindTwoNumbers.Test", "FindTwoNumbers.Test\FindTwoNumbers.Test.csproj", "{7034908C-A2A9-42E9-86FC-CB28C23319CA}"
EndProject
Project("{9A19103F-16F7-4668-BE54-9A1E7A4F7556}") = "ArrayProductsAllElements", "ArrayProductsAllElements\ArrayProductsAllElements.csproj", "{98BEF706-4E5B-4A8F-9657-29503901104C}"
EndProject
Project("{2150E333-8FDC-42A3-9474-1A3956D46DE8}") = "Tests", "Tests", "{58BF8058-B3C3-4E5B-B7FD-20427DD80F8D}"
EndProject
Project("{FAE04EC0-301F-11D3-BF4B-00C04F79EFBC}") = "ArrayProductsAllElements.Test", "ArrayProductsAllElements.Test\ArrayProductsAllElements.Test.csproj", "{7FCAF6F7-B472-46E6-8B7A-6E33C637BDA6}"
EndProject
Project("{FAE04EC0-301F-11D3-BF4B-00C04F79EFBC}") = "FindMinimumValueInArray", "FindMinimumValueInArray\FindMinimumValueInArray.csproj", "{198F65A1-72D0-4331-B1D2-CD338EB50249}"
EndProject
Project("{FAE04EC0-301F-11D3-BF4B-00C04F79EFBC}") = "FindMinimumValueInArray.Test", "FindMinimumValueInArray.Test\FindMinimumValueInArray.Test.csproj", "{5DEA38C1-D6AE-4872-84FE-5D27D8D097CE}"
EndProject
Project("{FAE04EC0-301F-11D3-BF4B-00C04F79EFBC}") = "FirstNonRepeatingIntegerInArray", "FirstNonRepeatingIntegerInArray\FirstNonRepeatingIntegerInArray.csproj", "{D3509EBA-EC5C-4735-AC81-820650CA68B7}"
EndProject
Project("{FAE04EC0-301F-11D3-BF4B-00C04F79EFBC}") = "FirstNonRepeatingIntegerInArray.Test", "FirstNonRepeatingIntegerInArray.Test\FirstNonRepeatingIntegerInArray.Test.csproj", "{8A342FA6-DE61-45BF-9A3C-46EFE7C2093A}"
EndProject
Global
	GlobalSection(SolutionConfigurationPlatforms) = preSolution
		Debug|Any CPU = Debug|Any CPU
		Release|Any CPU = Release|Any CPU
	EndGlobalSection
	GlobalSection(ProjectConfigurationPlatforms) = postSolution
		{80974EE9-6B54-4059-8E4B-F3BA1938C39F}.Debug|Any CPU.ActiveCfg = Debug|Any CPU
		{80974EE9-6B54-4059-8E4B-F3BA1938C39F}.Debug|Any CPU.Build.0 = Debug|Any CPU
		{80974EE9-6B54-4059-8E4B-F3BA1938C39F}.Release|Any CPU.ActiveCfg = Release|Any CPU
		{80974EE9-6B54-4059-8E4B-F3BA1938C39F}.Release|Any CPU.Build.0 = Release|Any CPU
		{A9DC314B-E8CB-4B25-9A78-13C1538A4441}.Debug|Any CPU.ActiveCfg = Debug|Any CPU
		{A9DC314B-E8CB-4B25-9A78-13C1538A4441}.Debug|Any CPU.Build.0 = Debug|Any CPU
		{A9DC314B-E8CB-4B25-9A78-13C1538A4441}.Release|Any CPU.ActiveCfg = Release|Any CPU
		{A9DC314B-E8CB-4B25-9A78-13C1538A4441}.Release|Any CPU.Build.0 = Release|Any CPU
		{06A6101D-049A-4B2E-B14C-0A6EF87BE96B}.Debug|Any CPU.ActiveCfg = Debug|Any CPU
		{06A6101D-049A-4B2E-B14C-0A6EF87BE96B}.Debug|Any CPU.Build.0 = Debug|Any CPU
		{06A6101D-049A-4B2E-B14C-0A6EF87BE96B}.Release|Any CPU.ActiveCfg = Release|Any CPU
		{06A6101D-049A-4B2E-B14C-0A6EF87BE96B}.Release|Any CPU.Build.0 = Release|Any CPU
		{F1135CD2-954D-45AE-AA9A-A7424AAA106C}.Debug|Any CPU.ActiveCfg = Debug|Any CPU
		{F1135CD2-954D-45AE-AA9A-A7424AAA106C}.Debug|Any CPU.Build.0 = Debug|Any CPU
		{F1135CD2-954D-45AE-AA9A-A7424AAA106C}.Release|Any CPU.ActiveCfg = Release|Any CPU
		{F1135CD2-954D-45AE-AA9A-A7424AAA106C}.Release|Any CPU.Build.0 = Release|Any CPU
		{186BD73C-6CF4-4BD9-82E5-6B0CF9E544BA}.Debug|Any CPU.ActiveCfg = Debug|Any CPU
		{186BD73C-6CF4-4BD9-82E5-6B0CF9E544BA}.Debug|Any CPU.Build.0 = Debug|Any CPU
		{186BD73C-6CF4-4BD9-82E5-6B0CF9E544BA}.Release|Any CPU.ActiveCfg = Release|Any CPU
		{186BD73C-6CF4-4BD9-82E5-6B0CF9E544BA}.Release|Any CPU.Build.0 = Release|Any CPU
		{7034908C-A2A9-42E9-86FC-CB28C23319CA}.Debug|Any CPU.ActiveCfg = Debug|Any CPU
		{7034908C-A2A9-42E9-86FC-CB28C23319CA}.Debug|Any CPU.Build.0 = Debug|Any CPU
		{7034908C-A2A9-42E9-86FC-CB28C23319CA}.Release|Any CPU.ActiveCfg = Release|Any CPU
		{7034908C-A2A9-42E9-86FC-CB28C23319CA}.Release|Any CPU.Build.0 = Release|Any CPU
		{98BEF706-4E5B-4A8F-9657-29503901104C}.Debug|Any CPU.ActiveCfg = Debug|Any CPU
		{98BEF706-4E5B-4A8F-9657-29503901104C}.Debug|Any CPU.Build.0 = Debug|Any CPU
		{98BEF706-4E5B-4A8F-9657-29503901104C}.Release|Any CPU.ActiveCfg = Release|Any CPU
		{98BEF706-4E5B-4A8F-9657-29503901104C}.Release|Any CPU.Build.0 = Release|Any CPU
		{7FCAF6F7-B472-46E6-8B7A-6E33C637BDA6}.Debug|Any CPU.ActiveCfg = Debug|Any CPU
		{7FCAF6F7-B472-46E6-8B7A-6E33C637BDA6}.Debug|Any CPU.Build.0 = Debug|Any CPU
		{7FCAF6F7-B472-46E6-8B7A-6E33C637BDA6}.Release|Any CPU.ActiveCfg = Release|Any CPU
		{7FCAF6F7-B472-46E6-8B7A-6E33C637BDA6}.Release|Any CPU.Build.0 = Release|Any CPU
		{198F65A1-72D0-4331-B1D2-CD338EB50249}.Debug|Any CPU.ActiveCfg = Debug|Any CPU
		{198F65A1-72D0-4331-B1D2-CD338EB50249}.Debug|Any CPU.Build.0 = Debug|Any CPU
		{198F65A1-72D0-4331-B1D2-CD338EB50249}.Release|Any CPU.ActiveCfg = Release|Any CPU
		{198F65A1-72D0-4331-B1D2-CD338EB50249}.Release|Any CPU.Build.0 = Release|Any CPU
		{5DEA38C1-D6AE-4872-84FE-5D27D8D097CE}.Debug|Any CPU.ActiveCfg = Debug|Any CPU
		{5DEA38C1-D6AE-4872-84FE-5D27D8D097CE}.Debug|Any CPU.Build.0 = Debug|Any CPU
		{5DEA38C1-D6AE-4872-84FE-5D27D8D097CE}.Release|Any CPU.ActiveCfg = Release|Any CPU
		{5DEA38C1-D6AE-4872-84FE-5D27D8D097CE}.Release|Any CPU.Build.0 = Release|Any CPU
		{D3509EBA-EC5C-4735-AC81-820650CA68B7}.Debug|Any CPU.ActiveCfg = Debug|Any CPU
		{D3509EBA-EC5C-4735-AC81-820650CA68B7}.Debug|Any CPU.Build.0 = Debug|Any CPU
		{D3509EBA-EC5C-4735-AC81-820650CA68B7}.Release|Any CPU.ActiveCfg = Release|Any CPU
		{D3509EBA-EC5C-4735-AC81-820650CA68B7}.Release|Any CPU.Build.0 = Release|Any CPU
		{8A342FA6-DE61-45BF-9A3C-46EFE7C2093A}.Debug|Any CPU.ActiveCfg = Debug|Any CPU
		{8A342FA6-DE61-45BF-9A3C-46EFE7C2093A}.Debug|Any CPU.Build.0 = Debug|Any CPU
		{8A342FA6-DE61-45BF-9A3C-46EFE7C2093A}.Release|Any CPU.ActiveCfg = Release|Any CPU
		{8A342FA6-DE61-45BF-9A3C-46EFE7C2093A}.Release|Any CPU.Build.0 = Release|Any CPU
	EndGlobalSection
	GlobalSection(SolutionProperties) = preSolution
		HideSolutionNode = FALSE
	EndGlobalSection
	GlobalSection(NestedProjects) = preSolution
		{80974EE9-6B54-4059-8E4B-F3BA1938C39F} = {14B05EB4-8D13-41AC-8088-944AA428340B}
		{A9DC314B-E8CB-4B25-9A78-13C1538A4441} = {58BF8058-B3C3-4E5B-B7FD-20427DD80F8D}
		{06A6101D-049A-4B2E-B14C-0A6EF87BE96B} = {14B05EB4-8D13-41AC-8088-944AA428340B}
		{F1135CD2-954D-45AE-AA9A-A7424AAA106C} = {58BF8058-B3C3-4E5B-B7FD-20427DD80F8D}
		{186BD73C-6CF4-4BD9-82E5-6B0CF9E544BA} = {14B05EB4-8D13-41AC-8088-944AA428340B}
		{7034908C-A2A9-42E9-86FC-CB28C23319CA} = {58BF8058-B3C3-4E5B-B7FD-20427DD80F8D}
		{98BEF706-4E5B-4A8F-9657-29503901104C} = {14B05EB4-8D13-41AC-8088-944AA428340B}
		{58BF8058-B3C3-4E5B-B7FD-20427DD80F8D} = {14B05EB4-8D13-41AC-8088-944AA428340B}
		{7FCAF6F7-B472-46E6-8B7A-6E33C637BDA6} = {58BF8058-B3C3-4E5B-B7FD-20427DD80F8D}
		{198F65A1-72D0-4331-B1D2-CD338EB50249} = {14B05EB4-8D13-41AC-8088-944AA428340B}
		{5DEA38C1-D6AE-4872-84FE-5D27D8D097CE} = {58BF8058-B3C3-4E5B-B7FD-20427DD80F8D}
		{D3509EBA-EC5C-4735-AC81-820650CA68B7} = {14B05EB4-8D13-41AC-8088-944AA428340B}
		{8A342FA6-DE61-45BF-9A3C-46EFE7C2093A} = {58BF8058-B3C3-4E5B-B7FD-20427DD80F8D}
	EndGlobalSection
	GlobalSection(ExtensibilityGlobals) = postSolution
		SolutionGuid = {7CA4A2CA-0A7C-45DF-8F10-C37762E05B64}
	EndGlobalSection
EndGlobal
